// !$*UTF8*$!
{
	archiveVersion = 1;
	classes = {
	};
	objectVersion = 50;
	objects = {

/* Begin PBXBuildFile section */
		6BD1028A221615250012AFA0 /* AppDelegate.swift in Sources */ = {isa = PBXBuildFile; fileRef = 6BD10289221615250012AFA0 /* AppDelegate.swift */; };
		6BD1028C221615250012AFA0 /* DrummerViewController.swift in Sources */ = {isa = PBXBuildFile; fileRef = 6BD1028B221615250012AFA0 /* DrummerViewController.swift */; };
		6BD1028F221615250012AFA0 /* Main.storyboard in Resources */ = {isa = PBXBuildFile; fileRef = 6BD1028D221615250012AFA0 /* Main.storyboard */; };
		6BD10291221615270012AFA0 /* Assets.xcassets in Resources */ = {isa = PBXBuildFile; fileRef = 6BD10290221615270012AFA0 /* Assets.xcassets */; };
		6BD10294221615270012AFA0 /* LaunchScreen.storyboard in Resources */ = {isa = PBXBuildFile; fileRef = 6BD10292221615270012AFA0 /* LaunchScreen.storyboard */; };
		6BD1029F221617870012AFA0 /* DrumKit.swift in Sources */ = {isa = PBXBuildFile; fileRef = 6BD1029E221617870012AFA0 /* DrumKit.swift */; };
		6BD102B4221619570012AFA0 /* drumkit1-0.wav in Resources */ = {isa = PBXBuildFile; fileRef = 6BD102A5221619570012AFA0 /* drumkit1-0.wav */; };
		6BD102B5221619570012AFA0 /* drumkit1-1.wav in Resources */ = {isa = PBXBuildFile; fileRef = 6BD102A6221619570012AFA0 /* drumkit1-1.wav */; };
		6BD102B6221619570012AFA0 /* drumkit1-3.wav in Resources */ = {isa = PBXBuildFile; fileRef = 6BD102A7221619570012AFA0 /* drumkit1-3.wav */; };
		6BD102B7221619570012AFA0 /* drumkit1-2.wav in Resources */ = {isa = PBXBuildFile; fileRef = 6BD102A8221619570012AFA0 /* drumkit1-2.wav */; };
		6BD102B8221619570012AFA0 /* drumkit1-5.wav in Resources */ = {isa = PBXBuildFile; fileRef = 6BD102A9221619570012AFA0 /* drumkit1-5.wav */; };
		6BD102B9221619570012AFA0 /* drumkit1-4.wav in Resources */ = {isa = PBXBuildFile; fileRef = 6BD102AA221619570012AFA0 /* drumkit1-4.wav */; };
		6BD102BA221619570012AFA0 /* drumkit1-kick.wav in Resources */ = {isa = PBXBuildFile; fileRef = 6BD102AB221619570012AFA0 /* drumkit1-kick.wav */; };
		6BD102BB221619570012AFA0 /* drumkit0-3.wav in Resources */ = {isa = PBXBuildFile; fileRef = 6BD102AD221619570012AFA0 /* drumkit0-3.wav */; };
		6BD102BC221619570012AFA0 /* drumkit0-2.wav in Resources */ = {isa = PBXBuildFile; fileRef = 6BD102AE221619570012AFA0 /* drumkit0-2.wav */; };
		6BD102BD221619570012AFA0 /* drumkit0-0.wav in Resources */ = {isa = PBXBuildFile; fileRef = 6BD102AF221619570012AFA0 /* drumkit0-0.wav */; };
		6BD102BE221619570012AFA0 /* drumkit0-1.wav in Resources */ = {isa = PBXBuildFile; fileRef = 6BD102B0221619570012AFA0 /* drumkit0-1.wav */; };
		6BD102BF221619570012AFA0 /* drumkit0-5.wav in Resources */ = {isa = PBXBuildFile; fileRef = 6BD102B1221619570012AFA0 /* drumkit0-5.wav */; };
		6BD102C0221619570012AFA0 /* drumkit0-4.wav in Resources */ = {isa = PBXBuildFile; fileRef = 6BD102B2221619570012AFA0 /* drumkit0-4.wav */; };
		6BD102C1221619570012AFA0 /* drumkit0-kick.wav in Resources */ = {isa = PBXBuildFile; fileRef = 6BD102B3221619570012AFA0 /* drumkit0-kick.wav */; };
/* End PBXBuildFile section */

/* Begin PBXFileReference section */
		6BD10286221615250012AFA0 /* Drummer.app */ = {isa = PBXFileReference; explicitFileType = wrapper.application; includeInIndex = 0; path = Drummer.app; sourceTree = BUILT_PRODUCTS_DIR; };
		6BD10289221615250012AFA0 /* AppDelegate.swift */ = {isa = PBXFileReference; lastKnownFileType = sourcecode.swift; path = AppDelegate.swift; sourceTree = "<group>"; };
		6BD1028B221615250012AFA0 /* DrummerViewController.swift */ = {isa = PBXFileReference; lastKnownFileType = sourcecode.swift; path = DrummerViewController.swift; sourceTree = "<group>"; };
		6BD1028E221615250012AFA0 /* Base */ = {isa = PBXFileReference; lastKnownFileType = file.storyboard; name = Base; path = Base.lproj/Main.storyboard; sourceTree = "<group>"; };
		6BD10290221615270012AFA0 /* Assets.xcassets */ = {isa = PBXFileReference; lastKnownFileType = folder.assetcatalog; path = Assets.xcassets; sourceTree = "<group>"; };
		6BD10293221615270012AFA0 /* Base */ = {isa = PBXFileReference; lastKnownFileType = file.storyboard; name = Base; path = Base.lproj/LaunchScreen.storyboard; sourceTree = "<group>"; };
		6BD10295221615270012AFA0 /* Info.plist */ = {isa = PBXFileReference; lastKnownFileType = text.plist.xml; path = Info.plist; sourceTree = "<group>"; };
		6BD1029E221617870012AFA0 /* DrumKit.swift */ = {isa = PBXFileReference; lastKnownFileType = sourcecode.swift; path = DrumKit.swift; sourceTree = "<group>"; };
		6BD102A5221619570012AFA0 /* drumkit1-0.wav */ = {isa = PBXFileReference; lastKnownFileType = audio.wav; path = "drumkit1-0.wav"; sourceTree = "<group>"; };
		6BD102A6221619570012AFA0 /* drumkit1-1.wav */ = {isa = PBXFileReference; lastKnownFileType = audio.wav; path = "drumkit1-1.wav"; sourceTree = "<group>"; };
		6BD102A7221619570012AFA0 /* drumkit1-3.wav */ = {isa = PBXFileReference; lastKnownFileType = audio.wav; path = "drumkit1-3.wav"; sourceTree = "<group>"; };
		6BD102A8221619570012AFA0 /* drumkit1-2.wav */ = {isa = PBXFileReference; lastKnownFileType = audio.wav; path = "drumkit1-2.wav"; sourceTree = "<group>"; };
		6BD102A9221619570012AFA0 /* drumkit1-5.wav */ = {isa = PBXFileReference; lastKnownFileType = audio.wav; path = "drumkit1-5.wav"; sourceTree = "<group>"; };
		6BD102AA221619570012AFA0 /* drumkit1-4.wav */ = {isa = PBXFileReference; lastKnownFileType = audio.wav; path = "drumkit1-4.wav"; sourceTree = "<group>"; };
		6BD102AB221619570012AFA0 /* drumkit1-kick.wav */ = {isa = PBXFileReference; lastKnownFileType = audio.wav; path = "drumkit1-kick.wav"; sourceTree = "<group>"; };
		6BD102AD221619570012AFA0 /* drumkit0-3.wav */ = {isa = PBXFileReference; lastKnownFileType = audio.wav; path = "drumkit0-3.wav"; sourceTree = "<group>"; };
		6BD102AE221619570012AFA0 /* drumkit0-2.wav */ = {isa = PBXFileReference; lastKnownFileType = audio.wav; path = "drumkit0-2.wav"; sourceTree = "<group>"; };
		6BD102AF221619570012AFA0 /* drumkit0-0.wav */ = {isa = PBXFileReference; lastKnownFileType = audio.wav; path = "drumkit0-0.wav"; sourceTree = "<group>"; };
		6BD102B0221619570012AFA0 /* drumkit0-1.wav */ = {isa = PBXFileReference; lastKnownFileType = audio.wav; path = "drumkit0-1.wav"; sourceTree = "<group>"; };
		6BD102B1221619570012AFA0 /* drumkit0-5.wav */ = {isa = PBXFileReference; lastKnownFileType = audio.wav; path = "drumkit0-5.wav"; sourceTree = "<group>"; };
		6BD102B2221619570012AFA0 /* drumkit0-4.wav */ = {isa = PBXFileReference; lastKnownFileType = audio.wav; path = "drumkit0-4.wav"; sourceTree = "<group>"; };
		6BD102B3221619570012AFA0 /* drumkit0-kick.wav */ = {isa = PBXFileReference; lastKnownFileType = audio.wav; path = "drumkit0-kick.wav"; sourceTree = "<group>"; };
/* End PBXFileReference section */

/* Begin PBXFrameworksBuildPhase section */
		6BD10283221615240012AFA0 /* Frameworks */ = {
			isa = PBXFrameworksBuildPhase;
			buildActionMask = 2147483647;
			files = (
			);
			runOnlyForDeploymentPostprocessing = 0;
		};
/* End PBXFrameworksBuildPhase section */

/* Begin PBXGroup section */
		6BD1027D221615240012AFA0 = {
			isa = PBXGroup;
			children = (
				6BD10288221615250012AFA0 /* Drummer */,
				6BD10287221615250012AFA0 /* Products */,
			);
			sourceTree = "<group>";
		};
		6BD10287221615250012AFA0 /* Products */ = {
			isa = PBXGroup;
			children = (
				6BD10286221615250012AFA0 /* Drummer.app */,
			);
			name = Products;
			sourceTree = "<group>";
		};
		6BD10288221615250012AFA0 /* Drummer */ = {
			isa = PBXGroup;
			children = (
				6BD10295221615270012AFA0 /* Info.plist */,
				6BD102A1221617D40012AFA0 /* Model */,
				6BD102A0221617D10012AFA0 /* View */,
				6BD102A2221617D80012AFA0 /* Controller */,
				6BD1029D2216174F0012AFA0 /* Supporting Files */,
			);
			path = Drummer;
			sourceTree = "<group>";
		};
		6BD1029D2216174F0012AFA0 /* Supporting Files */ = {
			isa = PBXGroup;
			children = (
				6BD10289221615250012AFA0 /* AppDelegate.swift */,
				6BD10292221615270012AFA0 /* LaunchScreen.storyboard */,
				6BD102A3221619570012AFA0 /* Audio Files */,
			);
			path = "Supporting Files";
			sourceTree = "<group>";
		};
		6BD102A0221617D10012AFA0 /* View */ = {
			isa = PBXGroup;
			children = (
				6BD10290221615270012AFA0 /* Assets.xcassets */,
				6BD1028D221615250012AFA0 /* Main.storyboard */,
			);
			path = View;
			sourceTree = "<group>";
		};
		6BD102A1221617D40012AFA0 /* Model */ = {
			isa = PBXGroup;
			children = (
				6BD1029E221617870012AFA0 /* DrumKit.swift */,
			);
			path = Model;
			sourceTree = "<group>";
		};
		6BD102A2221617D80012AFA0 /* Controller */ = {
			isa = PBXGroup;
			children = (
				6BD1028B221615250012AFA0 /* DrummerViewController.swift */,
			);
			path = Controller;
			sourceTree = "<group>";
		};
		6BD102A3221619570012AFA0 /* Audio Files */ = {
			isa = PBXGroup;
			children = (
				6BD102AC221619570012AFA0 /* drum kit 0 */,
				6BD102A4221619570012AFA0 /* drum kit 1 */,
			);
			path = "Audio Files";
			sourceTree = "<group>";
		};
		6BD102A4221619570012AFA0 /* drum kit 1 */ = {
			isa = PBXGroup;
			children = (
				6BD102A5221619570012AFA0 /* drumkit1-0.wav */,
				6BD102A6221619570012AFA0 /* drumkit1-1.wav */,
				6BD102A7221619570012AFA0 /* drumkit1-3.wav */,
				6BD102A8221619570012AFA0 /* drumkit1-2.wav */,
				6BD102A9221619570012AFA0 /* drumkit1-5.wav */,
				6BD102AA221619570012AFA0 /* drumkit1-4.wav */,
				6BD102AB221619570012AFA0 /* drumkit1-kick.wav */,
			);
			path = "drum kit 1";
			sourceTree = "<group>";
		};
		6BD102AC221619570012AFA0 /* drum kit 0 */ = {
			isa = PBXGroup;
			children = (
				6BD102AD221619570012AFA0 /* drumkit0-3.wav */,
				6BD102AE221619570012AFA0 /* drumkit0-2.wav */,
				6BD102AF221619570012AFA0 /* drumkit0-0.wav */,
				6BD102B0221619570012AFA0 /* drumkit0-1.wav */,
				6BD102B1221619570012AFA0 /* drumkit0-5.wav */,
				6BD102B2221619570012AFA0 /* drumkit0-4.wav */,
				6BD102B3221619570012AFA0 /* drumkit0-kick.wav */,
			);
			path = "drum kit 0";
			sourceTree = "<group>";
		};
/* End PBXGroup section */

/* Begin PBXNativeTarget section */
		6BD10285221615240012AFA0 /* Drummer */ = {
			isa = PBXNativeTarget;
			buildConfigurationList = 6BD10298221615270012AFA0 /* Build configuration list for PBXNativeTarget "Drummer" */;
			buildPhases = (
				6BD10282221615240012AFA0 /* Sources */,
				6BD10283221615240012AFA0 /* Frameworks */,
				6BD10284221615240012AFA0 /* Resources */,
			);
			buildRules = (
			);
			dependencies = (
			);
			name = Drummer;
			productName = Drummer;
			productReference = 6BD10286221615250012AFA0 /* Drummer.app */;
			productType = "com.apple.product-type.application";
		};
/* End PBXNativeTarget section */

/* Begin PBXProject section */
		6BD1027E221615240012AFA0 /* Project object */ = {
			isa = PBXProject;
			attributes = {
				LastSwiftUpdateCheck = 1010;
				LastUpgradeCheck = 1010;
				ORGANIZATIONNAME = iosdecal;
				TargetAttributes = {
					6BD10285221615240012AFA0 = {
						CreatedOnToolsVersion = 10.1;
					};
				};
			};
			buildConfigurationList = 6BD10281221615240012AFA0 /* Build configuration list for PBXProject "Drummer" */;
			compatibilityVersion = "Xcode 9.3";
			developmentRegion = en;
			hasScannedForEncodings = 0;
			knownRegions = (
				en,
				Base,
			);
			mainGroup = 6BD1027D221615240012AFA0;
			productRefGroup = 6BD10287221615250012AFA0 /* Products */;
			projectDirPath = "";
			projectRoot = "";
			targets = (
				6BD10285221615240012AFA0 /* Drummer */,
			);
		};
/* End PBXProject section */

/* Begin PBXResourcesBuildPhase section */
		6BD10284221615240012AFA0 /* Resources */ = {
			isa = PBXResourcesBuildPhase;
			buildActionMask = 2147483647;
			files = (
				6BD102BF221619570012AFA0 /* drumkit0-5.wav in Resources */,
				6BD102B5221619570012AFA0 /* drumkit1-1.wav in Resources */,
				6BD102BA221619570012AFA0 /* drumkit1-kick.wav in Resources */,
				6BD102B4221619570012AFA0 /* drumkit1-0.wav in Resources */,
				6BD102BB221619570012AFA0 /* drumkit0-3.wav in Resources */,
				6BD102BE221619570012AFA0 /* drumkit0-1.wav in Resources */,
				6BD102B7221619570012AFA0 /* drumkit1-2.wav in Resources */,
				6BD102BD221619570012AFA0 /* drumkit0-0.wav in Resources */,
				6BD10294221615270012AFA0 /* LaunchScreen.storyboard in Resources */,
				6BD102B9221619570012AFA0 /* drumkit1-4.wav in Resources */,
				6BD10291221615270012AFA0 /* Assets.xcassets in Resources */,
				6BD102C0221619570012AFA0 /* drumkit0-4.wav in Resources */,
				6BD102B8221619570012AFA0 /* drumkit1-5.wav in Resources */,
				6BD102BC221619570012AFA0 /* drumkit0-2.wav in Resources */,
				6BD102C1221619570012AFA0 /* drumkit0-kick.wav in Resources */,
				6BD1028F221615250012AFA0 /* Main.storyboard in Resources */,
				6BD102B6221619570012AFA0 /* drumkit1-3.wav in Resources */,
			);
			runOnlyForDeploymentPostprocessing = 0;
		};
/* End PBXResourcesBuildPhase section */

/* Begin PBXSourcesBuildPhase section */
		6BD10282221615240012AFA0 /* Sources */ = {
			isa = PBXSourcesBuildPhase;
			buildActionMask = 2147483647;
			files = (
				6BD1028C221615250012AFA0 /* DrummerViewController.swift in Sources */,
				6BD1028A221615250012AFA0 /* AppDelegate.swift in Sources */,
				6BD1029F221617870012AFA0 /* DrumKit.swift in Sources */,
			);
			runOnlyForDeploymentPostprocessing = 0;
		};
/* End PBXSourcesBuildPhase section */

/* Begin PBXVariantGroup section */
		6BD1028D221615250012AFA0 /* Main.storyboard */ = {
			isa = PBXVariantGroup;
			children = (
				6BD1028E221615250012AFA0 /* Base */,
			);
			name = Main.storyboard;
			sourceTree = "<group>";
		};
		6BD10292221615270012AFA0 /* LaunchScreen.storyboard */ = {
			isa = PBXVariantGroup;
			children = (
				6BD10293221615270012AFA0 /* Base */,
			);
			name = LaunchScreen.storyboard;
			sourceTree = "<group>";
		};
/* End PBXVariantGroup section */

/* Begin XCBuildConfiguration section */
		6BD10296221615270012AFA0 /* Debug */ = {
			isa = XCBuildConfiguration;
			buildSettings = {
				ALWAYS_SEARCH_USER_PATHS = NO;
				CLANG_ANALYZER_NONNULL = YES;
				CLANG_ANALYZER_NUMBER_OBJECT_CONVERSION = YES_AGGRESSIVE;
				CLANG_CXX_LANGUAGE_STANDARD = "gnu++14";
				CLANG_CXX_LIBRARY = "libc++";
				CLANG_ENABLE_MODULES = YES;
				CLANG_ENABLE_OBJC_ARC = YES;
				CLANG_ENABLE_OBJC_WEAK = YES;
				CLANG_WARN_BLOCK_CAPTURE_AUTORELEASING = YES;
				CLANG_WARN_BOOL_CONVERSION = YES;
				CLANG_WARN_COMMA = YES;
				CLANG_WARN_CONSTANT_CONVERSION = YES;
				CLANG_WARN_DEPRECATED_OBJC_IMPLEMENTATIONS = YES;
				CLANG_WARN_DIRECT_OBJC_ISA_USAGE = YES_ERROR;
				CLANG_WARN_DOCUMENTATION_COMMENTS = YES;
				CLANG_WARN_EMPTY_BODY = YES;
				CLANG_WARN_ENUM_CONVERSION = YES;
				CLANG_WARN_INFINITE_RECURSION = YES;
				CLANG_WARN_INT_CONVERSION = YES;
				CLANG_WARN_NON_LITERAL_NULL_CONVERSION = YES;
				CLANG_WARN_OBJC_IMPLICIT_RETAIN_SELF = YES;
				CLANG_WARN_OBJC_LITERAL_CONVERSION = YES;
				CLANG_WARN_OBJC_ROOT_CLASS = YES_ERROR;
				CLANG_WARN_RANGE_LOOP_ANALYSIS = YES;
				CLANG_WARN_STRICT_PROTOTYPES = YES;
				CLANG_WARN_SUSPICIOUS_MOVE = YES;
				CLANG_WARN_UNGUARDED_AVAILABILITY = YES_AGGRESSIVE;
				CLANG_WARN_UNREACHABLE_CODE = YES;
				CLANG_WARN__DUPLICATE_METHOD_MATCH = YES;
				CODE_SIGN_IDENTITY = "iPhone Developer";
				COPY_PHASE_STRIP = NO;
				DEBUG_INFORMATION_FORMAT = dwarf;
				ENABLE_STRICT_OBJC_MSGSEND = YES;
				ENABLE_TESTABILITY = YES;
				GCC_C_LANGUAGE_STANDARD = gnu11;
				GCC_DYNAMIC_NO_PIC = NO;
				GCC_NO_COMMON_BLOCKS = YES;
				GCC_OPTIMIZATION_LEVEL = 0;
				GCC_PREPROCESSOR_DEFINITIONS = (
					"DEBUG=1",
					"$(inherited)",
				);
				GCC_WARN_64_TO_32_BIT_CONVERSION = YES;
				GCC_WARN_ABOUT_RETURN_TYPE = YES_ERROR;
				GCC_WARN_UNDECLARED_SELECTOR = YES;
				GCC_WARN_UNINITIALIZED_AUTOS = YES_AGGRESSIVE;
				GCC_WARN_UNUSED_FUNCTION = YES;
				GCC_WARN_UNUSED_VARIABLE = YES;
				IPHONEOS_DEPLOYMENT_TARGET = 12.1;
				MTL_ENABLE_DEBUG_INFO = INCLUDE_SOURCE;
				MTL_FAST_MATH = YES;
				ONLY_ACTIVE_ARCH = YES;
				SDKROOT = iphoneos;
				SWIFT_ACTIVE_COMPILATION_CONDITIONS = DEBUG;
				SWIFT_OPTIMIZATION_LEVEL = "-Onone";
			};
			name = Debug;
		};
		6BD10297221615270012AFA0 /* Release */ = {
			isa = XCBuildConfiguration;
			buildSettings = {
				ALWAYS_SEARCH_USER_PATHS = NO;
				CLANG_ANALYZER_NONNULL = YES;
				CLANG_ANALYZER_NUMBER_OBJECT_CONVERSION = YES_AGGRESSIVE;
				CLANG_CXX_LANGUAGE_STANDARD = "gnu++14";
				CLANG_CXX_LIBRARY = "libc++";
				CLANG_ENABLE_MODULES = YES;
				CLANG_ENABLE_OBJC_ARC = YES;
				CLANG_ENABLE_OBJC_WEAK = YES;
				CLANG_WARN_BLOCK_CAPTURE_AUTORELEASING = YES;
				CLANG_WARN_BOOL_CONVERSION = YES;
				CLANG_WARN_COMMA = YES;
				CLANG_WARN_CONSTANT_CONVERSION = YES;
				CLANG_WARN_DEPRECATED_OBJC_IMPLEMENTATIONS = YES;
				CLANG_WARN_DIRECT_OBJC_ISA_USAGE = YES_ERROR;
				CLANG_WARN_DOCUMENTATION_COMMENTS = YES;
				CLANG_WARN_EMPTY_BODY = YES;
				CLANG_WARN_ENUM_CONVERSION = YES;
				CLANG_WARN_INFINITE_RECURSION = YES;
				CLANG_WARN_INT_CONVERSION = YES;
				CLANG_WARN_NON_LITERAL_NULL_CONVERSION = YES;
				CLANG_WARN_OBJC_IMPLICIT_RETAIN_SELF = YES;
				CLANG_WARN_OBJC_LITERAL_CONVERSION = YES;
				CLANG_WARN_OBJC_ROOT_CLASS = YES_ERROR;
				CLANG_WARN_RANGE_LOOP_ANALYSIS = YES;
				CLANG_WARN_STRICT_PROTOTYPES = YES;
				CLANG_WARN_SUSPICIOUS_MOVE = YES;
				CLANG_WARN_UNGUARDED_AVAILABILITY = YES_AGGRESSIVE;
				CLANG_WARN_UNREACHABLE_CODE = YES;
				CLANG_WARN__DUPLICATE_METHOD_MATCH = YES;
				CODE_SIGN_IDENTITY = "iPhone Developer";
				COPY_PHASE_STRIP = NO;
				DEBUG_INFORMATION_FORMAT = "dwarf-with-dsym";
				ENABLE_NS_ASSERTIONS = NO;
				ENABLE_STRICT_OBJC_MSGSEND = YES;
				GCC_C_LANGUAGE_STANDARD = gnu11;
				GCC_NO_COMMON_BLOCKS = YES;
				GCC_WARN_64_TO_32_BIT_CONVERSION = YES;
				GCC_WARN_ABOUT_RETURN_TYPE = YES_ERROR;
				GCC_WARN_UNDECLARED_SELECTOR = YES;
				GCC_WARN_UNINITIALIZED_AUTOS = YES_AGGRESSIVE;
				GCC_WARN_UNUSED_FUNCTION = YES;
				GCC_WARN_UNUSED_VARIABLE = YES;
				IPHONEOS_DEPLOYMENT_TARGET = 12.1;
				MTL_ENABLE_DEBUG_INFO = NO;
				MTL_FAST_MATH = YES;
				SDKROOT = iphoneos;
				SWIFT_COMPILATION_MODE = wholemodule;
				SWIFT_OPTIMIZATION_LEVEL = "-O";
				VALIDATE_PRODUCT = YES;
			};
			name = Release;
		};
		6BD10299221615270012AFA0 /* Debug */ = {
			isa = XCBuildConfiguration;
			buildSettings = {
				ASSETCATALOG_COMPILER_APPICON_NAME = AppIcon;
				CODE_SIGN_STYLE = Automatic;
				DEVELOPMENT_TEAM = Y88B368L4C;
				INFOPLIST_FILE = Drummer/Info.plist;
				LD_RUNPATH_SEARCH_PATHS = (
					"$(inherited)",
					"@executable_path/Frameworks",
				);
				PRODUCT_BUNDLE_IDENTIFIER = com.projectsbymicah.Drummer;
				PRODUCT_NAME = "$(TARGET_NAME)";
				SWIFT_VERSION = 4.2;
				TARGETED_DEVICE_FAMILY = "1,2";
			};
			name = Debug;
		};
		6BD1029A221615270012AFA0 /* Release */ = {
			isa = XCBuildConfiguration;
			buildSettings = {
				ASSETCATALOG_COMPILER_APPICON_NAME = AppIcon;
				CODE_SIGN_STYLE = Automatic;
				DEVELOPMENT_TEAM = Y88B368L4C;
				INFOPLIST_FILE = Drummer/Info.plist;
				LD_RUNPATH_SEARCH_PATHS = (
					"$(inherited)",
					"@executable_path/Frameworks",
				);
				PRODUCT_BUNDLE_IDENTIFIER = com.projectsbymicah.Drummer;
				PRODUCT_NAME = "$(TARGET_NAME)";
				SWIFT_VERSION = 4.2;
				TARGETED_DEVICE_FAMILY = "1,2";
			};
			name = Release;
		};
/* End XCBuildConfiguration section */

/* Begin XCConfigurationList section */
		6BD10281221615240012AFA0 /* Build configuration list for PBXProject "Drummer" */ = {
			isa = XCConfigurationList;
			buildConfigurations = (
				6BD10296221615270012AFA0 /* Debug */,
				6BD10297221615270012AFA0 /* Release */,
			);
			defaultConfigurationIsVisible = 0;
			defaultConfigurationName = Release;
		};
		6BD10298221615270012AFA0 /* Build configuration list for PBXNativeTarget "Drummer" */ = {
			isa = XCConfigurationList;
			buildConfigurations = (
				6BD10299221615270012AFA0 /* Debug */,
				6BD1029A221615270012AFA0 /* Release */,
			);
			defaultConfigurationIsVisible = 0;
			defaultConfigurationName = Release;
		};
/* End XCConfigurationList section */
	};
	rootObject = 6BD1027E221615240012AFA0 /* Project object */;
}
